
Microsoft Visual Studio Solution File, Format Version 12.00
# Visual Studio 15
VisualStudioVersion = 15.0.26724.1
MinimumVisualStudioVersion = 10.0.40219.1
Project("{9A19103F-16F7-4668-BE54-9A1E7A4F7556}") = "HealthOfSubscription", "HealthOfSubscription\HealthOfSubscription.csproj", "{8C203D3B-B53F-4D8E-9194-86E8E39FA175}"
EndProject
Project("{FAE04EC0-301F-11D3-BF4B-00C04F79EFBC}") = "HealthOfResourceGroup", "HealthOfResourceGroup\HealthOfResourceGroup.csproj", "{FCDD996E-A1E0-4A94-805F-FAFF57EC3724}"
EndProject
Global
	GlobalSection(SolutionConfigurationPlatforms) = preSolution
		Debug|Any CPU = Debug|Any CPU
		Release|Any CPU = Release|Any CPU
	EndGlobalSection
	GlobalSection(ProjectConfigurationPlatforms) = postSolution
		{8C203D3B-B53F-4D8E-9194-86E8E39FA175}.Debug|Any CPU.ActiveCfg = Debug|Any CPU
		{8C203D3B-B53F-4D8E-9194-86E8E39FA175}.Debug|Any CPU.Build.0 = Debug|Any CPU
		{8C203D3B-B53F-4D8E-9194-86E8E39FA175}.Release|Any CPU.ActiveCfg = Release|Any CPU
		{8C203D3B-B53F-4D8E-9194-86E8E39FA175}.Release|Any CPU.Build.0 = Release|Any CPU
		{FCDD996E-A1E0-4A94-805F-FAFF57EC3724}.Debug|Any CPU.ActiveCfg = Debug|Any CPU
		{FCDD996E-A1E0-4A94-805F-FAFF57EC3724}.Debug|Any CPU.Build.0 = Debug|Any CPU
		{FCDD996E-A1E0-4A94-805F-FAFF57EC3724}.Release|Any CPU.ActiveCfg = Release|Any CPU
		{FCDD996E-A1E0-4A94-805F-FAFF57EC3724}.Release|Any CPU.Build.0 = Release|Any CPU
	EndGlobalSection
	GlobalSection(SolutionProperties) = preSolution
		HideSolutionNode = FALSE
	EndGlobalSection
	GlobalSection(ExtensibilityGlobals) = postSolution
		SolutionGuid = {33B73611-14DA-4891-821F-89CB2088A34E}
	EndGlobalSection
EndGlobal
